
Microsoft Visual Studio Solution File, Format Version 12.00
# Visual Studio 14
VisualStudioVersion = 14.0.25420.1
MinimumVisualStudioVersion = 10.0.40219.1
Project("{FAE04EC0-301F-11D3-BF4B-00C04F79EFBC}") = "PowerPointApp", "PowerPointApp\PowerPointApp.csproj", "{4B6A42D2-0EE0-43D7-B34B-8BBDD84A9330}"
EndProject
Project("{FAE04EC0-301F-11D3-BF4B-00C04F79EFBC}") = "Xceed.Wpf.Toolkit", "..\PowerPointAutomationEx\wpftoolkit-master\wpftoolkit-master\ExtendedWPFToolkitSolution\Src\Xceed.Wpf.Toolkit\Xceed.Wpf.Toolkit.csproj", "{72E591D6-8F83-4D8C-8F67-9C325E623234}"
EndProject
Project("{FAE04EC0-301F-11D3-BF4B-00C04F79EFBC}") = "PowerPointUdemy", "PowerPointUdemy\PowerPointUdemy.csproj", "{29E19991-3421-440B-8E2A-FC93CE2E7922}"
EndProject
Global
	GlobalSection(SolutionConfigurationPlatforms) = preSolution
		Debug|Any CPU = Debug|Any CPU
		Release|Any CPU = Release|Any CPU
	EndGlobalSection
	GlobalSection(ProjectConfigurationPlatforms) = postSolution
		{4B6A42D2-0EE0-43D7-B34B-8BBDD84A9330}.Debug|Any CPU.ActiveCfg = Debug|Any CPU
		{4B6A42D2-0EE0-43D7-B34B-8BBDD84A9330}.Debug|Any CPU.Build.0 = Debug|Any CPU
		{4B6A42D2-0EE0-43D7-B34B-8BBDD84A9330}.Release|Any CPU.ActiveCfg = Release|Any CPU
		{4B6A42D2-0EE0-43D7-B34B-8BBDD84A9330}.Release|Any CPU.Build.0 = Release|Any CPU
		{72E591D6-8F83-4D8C-8F67-9C325E623234}.Debug|Any CPU.ActiveCfg = Debug|Any CPU
		{72E591D6-8F83-4D8C-8F67-9C325E623234}.Debug|Any CPU.Build.0 = Debug|Any CPU
		{72E591D6-8F83-4D8C-8F67-9C325E623234}.Release|Any CPU.ActiveCfg = Release|Any CPU
		{72E591D6-8F83-4D8C-8F67-9C325E623234}.Release|Any CPU.Build.0 = Release|Any CPU
		{29E19991-3421-440B-8E2A-FC93CE2E7922}.Debug|Any CPU.ActiveCfg = Debug|Any CPU
		{29E19991-3421-440B-8E2A-FC93CE2E7922}.Debug|Any CPU.Build.0 = Debug|Any CPU
		{29E19991-3421-440B-8E2A-FC93CE2E7922}.Release|Any CPU.ActiveCfg = Release|Any CPU
		{29E19991-3421-440B-8E2A-FC93CE2E7922}.Release|Any CPU.Build.0 = Release|Any CPU
	EndGlobalSection
	GlobalSection(SolutionProperties) = preSolution
		HideSolutionNode = FALSE
	EndGlobalSection
EndGlobal
